
Microsoft Visual Studio Solution File, Format Version 12.00
# Visual Studio Version 17
VisualStudioVersion = 17.0.31903.59
MinimumVisualStudioVersion = 10.0.40219.1
Project("{FAE04EC0-301F-11D3-BF4B-00C04F79EFBC}") = "PassetHub.NetApi", "PassetHub.NetApi\PassetHub.NetApi.csproj", "{044DA777-473D-4E41-87BA-CCA52EF20093}"
EndProject
Project("{FAE04EC0-301F-11D3-BF4B-00C04F79EFBC}") = "InkSharp", "InkSharp\InkSharp.csproj", "{2662493F-0E4D-4088-83DE-7AAEEECB60BC}"
EndProject
Project("{FAE04EC0-301F-11D3-BF4B-00C04F79EFBC}") = "InkSharpLayer.Tests", "InkSharpLayer.Tests\InkSharpLayer.Tests.csproj", "{6885DF8C-EC69-44A4-A63C-F656C3D06013}"
EndProject
Global
	GlobalSection(SolutionConfigurationPlatforms) = preSolution
		Debug|Any CPU = Debug|Any CPU
		Release|Any CPU = Release|Any CPU
	EndGlobalSection
	GlobalSection(ProjectConfigurationPlatforms) = postSolution
		{044DA777-473D-4E41-87BA-CCA52EF20093}.Debug|Any CPU.ActiveCfg = Debug|Any CPU
		{044DA777-473D-4E41-87BA-CCA52EF20093}.Debug|Any CPU.Build.0 = Debug|Any CPU
		{044DA777-473D-4E41-87BA-CCA52EF20093}.Release|Any CPU.ActiveCfg = Release|Any CPU
		{044DA777-473D-4E41-87BA-CCA52EF20093}.Release|Any CPU.Build.0 = Release|Any CPU
		{2662493F-0E4D-4088-83DE-7AAEEECB60BC}.Debug|Any CPU.ActiveCfg = Debug|Any CPU
		{2662493F-0E4D-4088-83DE-7AAEEECB60BC}.Debug|Any CPU.Build.0 = Debug|Any CPU
		{2662493F-0E4D-4088-83DE-7AAEEECB60BC}.Release|Any CPU.ActiveCfg = Release|Any CPU
		{2662493F-0E4D-4088-83DE-7AAEEECB60BC}.Release|Any CPU.Build.0 = Release|Any CPU
		{6885DF8C-EC69-44A4-A63C-F656C3D06013}.Debug|Any CPU.ActiveCfg = Debug|Any CPU
		{6885DF8C-EC69-44A4-A63C-F656C3D06013}.Debug|Any CPU.Build.0 = Debug|Any CPU
		{6885DF8C-EC69-44A4-A63C-F656C3D06013}.Release|Any CPU.ActiveCfg = Release|Any CPU
		{6885DF8C-EC69-44A4-A63C-F656C3D06013}.Release|Any CPU.Build.0 = Release|Any CPU
	EndGlobalSection
	GlobalSection(SolutionProperties) = preSolution
		HideSolutionNode = FALSE
	EndGlobalSection
	GlobalSection(ExtensibilityGlobals) = postSolution
		SolutionGuid = {7D736B70-A312-4816-9D4A-69843D50D483}
	EndGlobalSection
EndGlobal
